Microsoft Visual Studio Solution File, Format Version 12.00
# Visual Studio Version 16
VisualStudioVersion = 16.0.31605.320
MinimumVisualStudioVersion = 10.0.40219.1
Project("{9daa32a1-0559-49c9-ad61-e43c6f1454e4}") = "radical_rumble_server", "radical_rumble_server.csproj", "{0093a0bd-c612-4f6d-b3de-2644713f08ca}"
EndProject
Global
	GlobalSection(SolutionConfigurationPlatforms) = preSolution
		Debug|Any CPU = Debug|Any CPU
		Release|Any CPU = Release|Any CPU
	EndGlobalSection
	GlobalSection(ProjectConfigurationPlatforms) = postSolution
		{0093a0bd-c612-4f6d-b3de-2644713f08ca}.Debug|Any CPU.ActiveCfg = Debug|Any CPU
		{0093a0bd-c612-4f6d-b3de-2644713f08ca}.Debug|Any CPU.Build.0 = Debug|Any CPU
		{0093a0bd-c612-4f6d-b3de-2644713f08ca}.Release|Any CPU.ActiveCfg = Release|Any CPU
		{0093a0bd-c612-4f6d-b3de-2644713f08ca}.Release|Any CPU.Build.0 = Release|Any CPU
	EndGlobalSection
	GlobalSection(SolutionProperties) = preSolution
		HideSolutionNode = FALSE
	EndGlobalSection
	GlobalSection(ExtensibilityGlobals) = postSolution
		SolutionGuid = {4616279D-2F42-CCCC-AD99-7F679D0BC9BA}
	EndGlobalSection
EndGlobal
