
Microsoft Visual Studio Solution File, Format Version 12.00
# Visual Studio 15
VisualStudioVersion = 15.0.33919.361
MinimumVisualStudioVersion = 10.0.40219.1
Project("{FAE04EC0-301F-11D3-BF4B-00C04F79EFBC}") = "game", "game.csproj", "{49EF5C6A-86CF-11EE-BEAE-088FC30C8592}"
EndProject
Global
	GlobalSection(SolutionConfigurationPlatforms) = preSolution
		Debug|Any CPU = Debug|Any CPU
		Release|Any CPU = Release|Any CPU
	EndGlobalSection
	GlobalSection(ProjectConfigurationPlatforms) = postSolution
		{49EF5C6A-86CF-11EE-BEAE-088FC30C8592}.Debug|Any CPU.ActiveCfg = Debug|Any CPU
		{49EF5C6A-86CF-11EE-BEAE-088FC30C8592}.Debug|Any CPU.Build.0 = Debug|Any CPU
		{49EF5C6A-86CF-11EE-BEAE-088FC30C8592}.Release|Any CPU.ActiveCfg = Release|Any CPU
		{49EF5C6A-86CF-11EE-BEAE-088FC30C8592}.Release|Any CPU.Build.0 = Release|Any CPU
	EndGlobalSection
	GlobalSection(SolutionProperties) = preSolution
		HideSolutionNode = FALSE
	EndGlobalSection
	GlobalSection(ExtensibilityGlobals) = postSolution
		SolutionGuid = {46AAA79D-2F42-4C14-AD99-7F679D0BC9BF}
	EndGlobalSection
EndGlobal
