Microsoft Visual Studio Solution File, Format Version 12.00
# Visual Studio Version 16
VisualStudioVersion = 16.0.32802.440
MinimumVisualStudioVersion = 10.0.40219.1
Project("{FAE04EC0-301F-11D3-BF4B-00C04F79EFBC}") = "game_sdl", "game_sdl.csproj", "{49EF5C6A-86CF-11EE-BEAE-088FC30C8592}"
EndProject
Project("{FAE04EC0-301F-11D3-BF4B-00C04F79EFBC}") = "game_unity", "game_unity.csproj", "{0C5EB150-874C-487C-8D2A-A3D28D4B23B6}"
EndProject
Project("{FAE04EC0-301F-11D3-BF4B-00C04F79EFBC}") = "bootstrap", "bootstrap.csproj", "{1C5EB151-874C-487C-8D2A-A3D28D4B23B6}"
EndProject
Global
	GlobalSection(SolutionConfigurationPlatforms) = preSolution
		Debug|Any CPU = Debug|Any CPU
		Release|Any CPU = Release|Any CPU
	EndGlobalSection
	GlobalSection(ProjectConfigurationPlatforms) = postSolution
		{49EF5C6A-86CF-11EE-BEAE-088FC30C8592}.Debug|Any CPU.ActiveCfg = Debug|Any CPU
		{49EF5C6A-86CF-11EE-BEAE-088FC30C8592}.Debug|Any CPU.Build.0 = Debug|Any CPU
		{49EF5C6A-86CF-11EE-BEAE-088FC30C8592}.Release|Any CPU.ActiveCfg = Release|Any CPU
		{49EF5C6A-86CF-11EE-BEAE-088FC30C8592}.Release|Any CPU.Build.0 = Release|Any CPU
		{0C5EB150-874C-487C-8D2A-A3D28D4B23B6}.Debug|Any CPU.ActiveCfg = Debug|Any CPU
		{0C5EB150-874C-487C-8D2A-A3D28D4B23B6}.Debug|Any CPU.Build.0 = Debug|Any CPU
		{0C5EB150-874C-487C-8D2A-A3D28D4B23B6}.Release|Any CPU.ActiveCfg = Release|Any CPU
		{0C5EB150-874C-487C-8D2A-A3D28D4B23B6}.Release|Any CPU.Build.0 = Release|Any CPU
		{1C5EB151-874C-487C-8D2A-A3D28D4B23B6}.Debug|Any CPU.ActiveCfg = Debug|Any CPU
		{1C5EB151-874C-487C-8D2A-A3D28D4B23B6}.Debug|Any CPU.Build.0 = Debug|Any CPU
		{1C5EB151-874C-487C-8D2A-A3D28D4B23B6}.Release|Any CPU.ActiveCfg = Release|Any CPU
		{1C5EB151-874C-487C-8D2A-A3D28D4B23B6}.Release|Any CPU.Build.0 = Release|Any CPU
	EndGlobalSection
	GlobalSection(SolutionProperties) = preSolution
		HideSolutionNode = FALSE
	EndGlobalSection
	GlobalSection(ExtensibilityGlobals) = postSolution
		SolutionGuid = {BAA12AC1-8213-4972-AC30-781535E64111}
	EndGlobalSection
EndGlobal
